
Microsoft Visual Studio Solution File, Format Version 12.00
# Visual Studio Version 17
VisualStudioVersion = 17.14.36616.10 d17.14
MinimumVisualStudioVersion = 10.0.40219.1
Project("{8BC9CEB8-8B4A-11D0-8D11-00A0C91BC942}") = "Vjezba8", "Vjezba8\Vjezba8.vcxproj", "{AB8DE53D-844A-43AB-B5BC-E5C7DB7EC3B2}"
EndProject
Global
	GlobalSection(SolutionConfigurationPlatforms) = preSolution
		Debug|x64 = Debug|x64
		Debug|x86 = Debug|x86
		Release|x64 = Release|x64
		Release|x86 = Release|x86
	EndGlobalSection
	GlobalSection(ProjectConfigurationPlatforms) = postSolution
		{AB8DE53D-844A-43AB-B5BC-E5C7DB7EC3B2}.Debug|x64.ActiveCfg = Debug|x64
		{AB8DE53D-844A-43AB-B5BC-E5C7DB7EC3B2}.Debug|x64.Build.0 = Debug|x64
		{AB8DE53D-844A-43AB-B5BC-E5C7DB7EC3B2}.Debug|x86.ActiveCfg = Debug|Win32
		{AB8DE53D-844A-43AB-B5BC-E5C7DB7EC3B2}.Debug|x86.Build.0 = Debug|Win32
		{AB8DE53D-844A-43AB-B5BC-E5C7DB7EC3B2}.Release|x64.ActiveCfg = Release|x64
		{AB8DE53D-844A-43AB-B5BC-E5C7DB7EC3B2}.Release|x64.Build.0 = Release|x64
		{AB8DE53D-844A-43AB-B5BC-E5C7DB7EC3B2}.Release|x86.ActiveCfg = Release|Win32
		{AB8DE53D-844A-43AB-B5BC-E5C7DB7EC3B2}.Release|x86.Build.0 = Release|Win32
	EndGlobalSection
	GlobalSection(SolutionProperties) = preSolution
		HideSolutionNode = FALSE
	EndGlobalSection
	GlobalSection(ExtensibilityGlobals) = postSolution
		SolutionGuid = {6E952E52-BB3D-4D4D-B79B-67B85C349D0A}
	EndGlobalSection
EndGlobal
